<?xml version="1.0" encoding="utf-8"?>
<Project ToolsVersion="4.0" xmlns="http://schemas.microsoft.com/developer/msbuild/2003">
  <ItemGroup>
    <Filter Include="Source Files">
      <UniqueIdentifier>{4FC737F1-C7A5-4376-A066-2A32D752A2FF}</UniqueIdentifier>
      <Extensions>cpp;c;cc;cxx;c++;cppm;ixx;def;odl;idl;hpj;bat;asm;asmx</Extensions>
    </Filter>
    <Filter Include="Header Files">
      <UniqueIdentifier>{93995380-89BD-4b04-88EB-625FBE52EBFB}</UniqueIdentifier>
      <Extensions>h;hh;hpp;hxx;h++;hm;inl;inc;ipp;xsd</Extensions>
    </Filter>
    <Filter Include="Resource Files">
      <UniqueIdentifier>{67DA6AB6-F800-4c08-8B7A-83BB121AAD01}</UniqueIdentifier>
      <Extensions>rc;ico;cur;bmp;dlg;rc2;rct;bin;rgs;gif;jpg;jpeg;jpe;resx;tiff;tif;png;wav;mfcribbon-ms</Extensions>
    </Filter>
    <Filter Include="tests">
      <UniqueIdentifier>{e56be8af-7188-4537-b81a-1b9353a9bcb0}</UniqueIdentifier>
    </Filter>
    <Filter Include="prtl">
      <UniqueIdentifier>{95f11dc8-8bd2-4004-9b23-b92d833f429b}</UniqueIdentifier>
    </Filter>
  </ItemGroup>
  <ItemGroup>
    <ClCompile Include="main.cpp">
      <Filter>Source Files</Filter>
    </ClCompile>
    <ClCompile Include="sup.cpp">
      <Filter>Source Files</Filter>
    </ClCompile>
    <ClCompile Include="etwmeta.cpp">
      <Filter>Source Files</Filter>
    </ClCompile>
    <ClCompile Include="commonDlg.cpp">
      <Filter>Source Files</Filter>
    </ClCompile>
    <ClCompile Include="capture.cpp">
      <Filter>Source Files</Filter>
    </ClCompile>
    <ClCompile Include="tests\tests.cpp">
      <Filter>tests</Filter>
    </ClCompile>
    <ClCompile Include="security.cpp">
      <Filter>Source Files</Filter>
    </ClCompile>
    <ClCompile Include="prtl\prtl.cpp">
      <Filter>prtl</Filter>
    </ClCompile>
    <ClCompile Include="etwman.cpp">
      <Filter>Source Files</Filter>
    </ClCompile>
    <ClCompile Include="etwmof.cpp">
      <Filter>Source Files</Filter>
    </ClCompile>
  </ItemGroup>
  <ItemGroup>
    <ClInclude Include="const.h">
      <Filter>Header Files</Filter>
    </ClInclude>
    <ClInclude Include="global.h">
      <Filter>Header Files</Filter>
    </ClInclude>
    <ClInclude Include="sup.h">
      <Filter>Header Files</Filter>
    </ClInclude>
    <ClInclude Include="types.h">
      <Filter>Header Files</Filter>
    </ClInclude>
    <ClInclude Include="etwmeta.h">
      <Filter>Header Files</Filter>
    </ClInclude>
    <ClInclude Include="commonDlg.h">
      <Filter>Header Files</Filter>
    </ClInclude>
    <ClInclude Include="capture.h">
      <Filter>Header Files</Filter>
    </ClInclude>
    <ClInclude Include="rsrc\resource.h">
      <Filter>Header Files</Filter>
    </ClInclude>
    <ClInclude Include="tests\tests.h">
      <Filter>tests</Filter>
    </ClInclude>
    <ClInclude Include="security.h">
      <Filter>Header Files</Filter>
    </ClInclude>
    <ClInclude Include="prtl\prtl.h">
      <Filter>prtl</Filter>
    </ClInclude>
  </ItemGroup>
  <ItemGroup>
    <ResourceCompile Include="rsrc\rsrc.rc">
      <Filter>Resource Files</Filter>
    </ResourceCompile>
  </ItemGroup>
  <ItemGroup>
    <Image Include="main.ico">
      <Filter>Resource Files</Filter>
    </Image>
    <Image Include="rsrc\main.ico">
      <Filter>Resource Files</Filter>
    </Image>
    <Image Include="rsrc\providers.ico">
      <Filter>Resource Files</Filter>
    </Image>
    <Image Include="rsrc\provider.ico">
      <Filter>Resource Files</Filter>
    </Image>
    <Image Include="rsrc\sessions.ico">
      <Filter>Resource Files</Filter>
    </Image>
    <Image Include="rsrc\session.ico">
      <Filter>Resource Files</Filter>
    </Image>
    <Image Include="rsrc\livecapture.ico">
      <Filter>Resource Files</Filter>
    </Image>
    <Image Include="rsrc\start.ico">
      <Filter>Resource Files</Filter>
    </Image>
    <Image Include="rsrc\stop.ico">
      <Filter>Resource Files</Filter>
    </Image>
    <Image Include="rsrc\refresh.ico">
      <Filter>Resource Files</Filter>
    </Image>
    <Image Include="rsrc\browsefor.ico">
      <Filter>Resource Files</Filter>
    </Image>
    <Image Include="rsrc\export.ico">
      <Filter>Resource Files</Filter>
    </Image>
    <Image Include="rsrc\warning.ico">
      <Filter>Resource Files</Filter>
    </Image>
    <Image Include="rsrc\error.ico">
      <Filter>Resource Files</Filter>
    </Image>
    <Image Include="rsrc\info.ico">
      <Filter>Resource Files</Filter>
    </Image>
    <Image Include="rsrc\question.ico">
      <Filter>Resource Files</Filter>
    </Image>
    <Image Include="rsrc\find.ico">
      <Filter>Resource Files</Filter>
    </Image>
  </ItemGroup>
</Project>